%{
  "artificery": {:hex, :artificery, "0.4.2", "3ded6e29e13113af52811c72f414d1e88f711410cac1b619ab3a2666bbd7efd4", [:mix], [], "hexpm"},
  "bunt": {:hex, :bunt, "0.2.0", "951c6e801e8b1d2cbe58ebbd3e616a869061ddadcc4863d0a2182541acae9a38", [:mix], [], "hexpm"},
  "certifi": {:hex, :certifi, "2.5.1", "867ce347f7c7d78563450a18a6a28a8090331e77fa02380b4a21962a65d36ee5", [:rebar3], [{:parse_trans, "~>3.3", [hex: :parse_trans, repo: "hexpm", optional: false]}], "hexpm"},
  "combine": {:hex, :combine, "0.10.0", "eff8224eeb56498a2af13011d142c5e7997a80c8f5b97c499f84c841032e429f", [:mix], [], "hexpm"},
  "credo": {:hex, :credo, "1.1.0", "e0c07b2fd7e2109495f582430a1bc96b2c71b7d94c59dfad120529f65f19872f", [:mix], [{:bunt, "~> 0.2.0", [hex: :bunt, repo: "hexpm", optional: false]}, {:jason, "~> 1.0", [hex: :jason, repo: "hexpm", optional: false]}], "hexpm"},
  "crontab": {:hex, :crontab, "1.1.7", "b9219f0bdc8678b94143655a8f229716c5810c0636a4489f98c0956137e53985", [:mix], [{:ecto, "~> 1.0 or ~> 2.0 or ~> 3.0", [hex: :ecto, repo: "hexpm", optional: true]}], "hexpm"},
  "dialyxir": {:hex, :dialyxir, "1.0.0-rc.6", "78e97d9c0ff1b5521dd68041193891aebebce52fc3b93463c0a6806874557d7d", [:mix], [{:erlex, "~> 0.2.1", [hex: :erlex, repo: "hexpm", optional: false]}], "hexpm"},
  "distillery": {:hex, :distillery, "2.1.1", "f9332afc2eec8a1a2b86f22429e068ef35f84a93ea1718265e740d90dd367814", [:mix], [{:artificery, "~> 0.2", [hex: :artificery, repo: "hexpm", optional: false]}], "hexpm"},
  "dns": {:hex, :dns, "2.1.2", "81c46d39f7934f0e73368355126e4266762cf227ba61d5889635d83b2d64a493", [:mix], [{:socket, "~> 0.3.13", [hex: :socket, repo: "hexpm", optional: false]}], "hexpm"},
  "elixir_make": {:hex, :elixir_make, "0.6.0", "38349f3e29aff4864352084fc736fa7fa0f2995a819a737554f7ebd28b85aaab", [:mix], [], "hexpm"},
  "erlex": {:hex, :erlex, "0.2.2", "cb0e6878fdf86dc63509eaf2233a71fa73fc383c8362c8ff8e8b6f0c2bb7017c", [:mix], [], "hexpm"},
  "font_metrics": {:hex, :font_metrics, "0.3.1", "025ff9957040eb4d6430c306a4445bad5d9f43ec24448c1647df7cb63b5dd88c", [:mix], [{:msgpax, "~> 2.2", [hex: :msgpax, repo: "hexpm", optional: false]}], "hexpm"},
  "gettext": {:hex, :gettext, "0.17.0", "abe21542c831887a2b16f4c94556db9c421ab301aee417b7c4fbde7fbdbe01ec", [:mix], [], "hexpm"},
  "hackney": {:hex, :hackney, "1.15.1", "9f8f471c844b8ce395f7b6d8398139e26ddca9ebc171a8b91342ee15a19963f4", [:rebar3], [{:certifi, "2.5.1", [hex: :certifi, repo: "hexpm", optional: false]}, {:idna, "6.0.0", [hex: :idna, repo: "hexpm", optional: false]}, {:metrics, "1.0.1", [hex: :metrics, repo: "hexpm", optional: false]}, {:mimerl, "~>1.1", [hex: :mimerl, repo: "hexpm", optional: false]}, {:ssl_verify_fun, "1.1.4", [hex: :ssl_verify_fun, repo: "hexpm", optional: false]}], "hexpm"},
  "httpoison": {:hex, :httpoison, "1.5.1", "0f55b5b673b03c5c327dac7015a67cb571b99b631acc0bc1b0b98dcd6b9f2104", [:mix], [{:hackney, "~> 1.8", [hex: :hackney, repo: "hexpm", optional: false]}], "hexpm"},
  "idna": {:hex, :idna, "6.0.0", "689c46cbcdf3524c44d5f3dde8001f364cd7608a99556d8fbd8239a5798d4c10", [:rebar3], [{:unicode_util_compat, "0.4.1", [hex: :unicode_util_compat, repo: "hexpm", optional: false]}], "hexpm"},
  "input_event": {:hex, :input_event, "0.4.0", "377b6ec66829cf3448925455a3177bfdffdc6aee5db603493b24b04863e907f5", [:make, :mix], [{:elixir_make, "~> 0.4", [hex: :elixir_make, repo: "hexpm", optional: false]}], "hexpm"},
  "jason": {:hex, :jason, "1.1.2", "b03dedea67a99223a2eaf9f1264ce37154564de899fd3d8b9a21b1a6fd64afe7", [:mix], [{:decimal, "~> 1.0", [hex: :decimal, repo: "hexpm", optional: true]}], "hexpm"},
  "launcher": {:git, "https://github.com/axelson/scenic_launcher.git", "4a7328137d89f3a7bb598d636ef6f4d6a1f7c67f", []},
  "mdns": {:hex, :mdns, "1.0.2", "c8228dd44d3fdd55e9842cb7111c9145f2eeaa8b7adac75012ee0e250962215e", [:mix], [{:dns, "~> 2.0", [hex: :dns, repo: "hexpm", optional: false]}], "hexpm"},
  "metrics": {:hex, :metrics, "1.0.1", "25f094dea2cda98213cecc3aeff09e940299d950904393b2a29d191c346a8486", [:rebar3], [], "hexpm"},
  "mimerl": {:hex, :mimerl, "1.2.0", "67e2d3f571088d5cfd3e550c383094b47159f3eee8ffa08e64106cdf5e981be3", [:rebar3], [], "hexpm"},
  "msgpax": {:hex, :msgpax, "2.2.3", "02be0be1b440a12d7e6f6c45662463d53d01a30b5bd4ab806276453b455f820a", [:mix], [{:plug, "~> 1.0", [hex: :plug, repo: "hexpm", optional: true]}], "hexpm"},
  "nerves": {:hex, :nerves, "1.5.0", "8be45730c90583272563629a30ebb1099515a156a1de844f8dc443eaf63f7b8f", [:mix], [{:distillery, "~> 2.1", [hex: :distillery, repo: "hexpm", optional: true]}, {:jason, "~> 1.0", [hex: :jason, repo: "hexpm", optional: true]}], "hexpm"},
  "nerves_firmware_ssh": {:hex, :nerves_firmware_ssh, "0.4.4", "12b0d9c84ec9f79c1b0ac0de1c575372ef972d0c58ce21c36bf354062c6222d9", [:mix], [{:nerves_runtime, "~> 0.6", [hex: :nerves_runtime, repo: "hexpm", optional: false]}], "hexpm"},
  "nerves_init_gadget": {:hex, :nerves_init_gadget, "0.6.0", "64eb8877b438678aed6d421737326a8cac3810b425e00abd5c7a3a0e95054988", [:mix], [{:mdns, "~> 1.0", [hex: :mdns, repo: "hexpm", optional: false]}, {:nerves_firmware_ssh, "~> 0.2", [hex: :nerves_firmware_ssh, repo: "hexpm", optional: false]}, {:nerves_network, "~> 0.3", [hex: :nerves_network, repo: "hexpm", optional: false]}, {:nerves_runtime, "~> 0.3", [hex: :nerves_runtime, repo: "hexpm", optional: false]}, {:one_dhcpd, "~> 0.1", [hex: :one_dhcpd, repo: "hexpm", optional: false]}, {:ring_logger, "~> 0.4", [hex: :ring_logger, repo: "hexpm", optional: false]}], "hexpm"},
  "nerves_network": {:hex, :nerves_network, "0.5.5", "4690c362707f76c4072810bd9639b2ae8eb7dd9c21119656308b462a087230aa", [:make, :mix], [{:elixir_make, "~> 0.5", [hex: :elixir_make, repo: "hexpm", optional: false]}, {:nerves_network_interface, "~> 0.4.4", [hex: :nerves_network_interface, repo: "hexpm", optional: false]}, {:nerves_wpa_supplicant, "~> 0.5", [hex: :nerves_wpa_supplicant, repo: "hexpm", optional: false]}, {:one_dhcpd, "~> 0.2.0", [hex: :one_dhcpd, repo: "hexpm", optional: false]}, {:system_registry, "~> 0.7", [hex: :system_registry, repo: "hexpm", optional: false]}], "hexpm"},
  "nerves_network_interface": {:hex, :nerves_network_interface, "0.4.6", "d50e57daca8154f0f780fd98eb5ae94a005579e0d72d69840e80e228375d88ad", [:make, :mix], [{:elixir_make, "~> 0.5", [hex: :elixir_make, repo: "hexpm", optional: false]}], "hexpm"},
  "nerves_runtime": {:hex, :nerves_runtime, "0.10.1", "4cefcfbcb99f237def5346e1dc881bda523811ede26adfd3a2204e6f26530146", [:make, :mix], [{:elixir_make, "~> 0.5", [hex: :elixir_make, repo: "hexpm", optional: false]}, {:system_registry, "~> 0.5", [hex: :system_registry, repo: "hexpm", optional: false]}, {:uboot_env, "~> 0.1", [hex: :uboot_env, repo: "hexpm", optional: false]}], "hexpm"},
  "nerves_system_br": {:hex, :nerves_system_br, "1.8.2", "bd1639c9aadbeb104c1d1080554048eeed28352841bf5621a7cbeaca53e99404", [:mix], [], "hexpm"},
  "nerves_system_linter": {:hex, :nerves_system_linter, "0.3.0", "84e0f63c8ac196b16b77608bbe7df66dcf352845c4e4fb394bffd2b572025413", [:mix], [], "hexpm"},
  "nerves_system_rpi3": {:hex, :nerves_system_rpi3, "1.8.0", "64cc1e669613a64b29fba8c8ad7ee2686600956a056aeb5833753ed6cf939812", [:mix], [{:nerves, "~> 1.4", [hex: :nerves, repo: "hexpm", optional: false]}, {:nerves_system_br, "1.8.2", [hex: :nerves_system_br, repo: "hexpm", optional: false]}, {:nerves_system_linter, "~> 0.3.0", [hex: :nerves_system_linter, repo: "hexpm", optional: false]}, {:nerves_toolchain_arm_unknown_linux_gnueabihf, "1.2.0", [hex: :nerves_toolchain_arm_unknown_linux_gnueabihf, repo: "hexpm", optional: false]}], "hexpm"},
  "nerves_toolchain_arm_unknown_linux_gnueabihf": {:hex, :nerves_toolchain_arm_unknown_linux_gnueabihf, "1.2.0", "ba48ce7c846ee12dfca8148dc7240988d96a3f2eb9c234bf08bffe4f0f7a3c62", [:mix], [{:nerves, "~> 1.0", [hex: :nerves, repo: "hexpm", optional: false]}, {:nerves_toolchain_ctng, "~> 1.6.0", [hex: :nerves_toolchain_ctng, repo: "hexpm", optional: false]}], "hexpm"},
  "nerves_toolchain_ctng": {:hex, :nerves_toolchain_ctng, "1.6.0", "452f8589c1a58ac787477caab20a8cfc6671e345837ccc19beefe49ae35ba983", [:mix], [{:nerves, "~> 1.0", [hex: :nerves, repo: "hexpm", optional: false]}], "hexpm"},
  "nerves_wpa_supplicant": {:hex, :nerves_wpa_supplicant, "0.5.2", "4ec392fc08faf35f50d1070446c2e5019f6b85bd53f5716f904e3f75716d9596", [:make, :mix], [{:elixir_make, "~> 0.5", [hex: :elixir_make, repo: "hexpm", optional: false]}], "hexpm"},
  "one_dhcpd": {:hex, :one_dhcpd, "0.2.1", "421ff729bd90e245ff54f7ee2b09ca1f9c2d5983eb7723561c0d43df5673e553", [:make, :mix], [{:elixir_make, "~> 0.5", [hex: :elixir_make, repo: "hexpm", optional: false]}], "hexpm"},
  "parse_trans": {:hex, :parse_trans, "3.3.0", "09765507a3c7590a784615cfd421d101aec25098d50b89d7aa1d66646bc571c1", [:rebar3], [], "hexpm"},
  "poison": {:hex, :poison, "3.1.0", "d9eb636610e096f86f25d9a46f35a9facac35609a7591b3be3326e99a0484665", [:mix], [], "hexpm"},
  "ring_logger": {:hex, :ring_logger, "0.6.1", "568dbd9eebf26c661427de5204d8a91adaa740993f3ac5aa450257f62b6e7178", [:mix], [], "hexpm"},
  "scenic": {:hex, :scenic, "0.10.2", "f4f0a00eed677ac50a7b297375c0323d03f4273580f17c50b877abfaf0c6dc1f", [:make, :mix], [{:elixir_make, "~> 0.5", [hex: :elixir_make, repo: "hexpm", optional: false]}, {:font_metrics, "~> 0.3", [hex: :font_metrics, repo: "hexpm", optional: false]}], "hexpm"},
  "scenic_driver_glfw": {:hex, :scenic_driver_glfw, "0.10.0", "01a00c8da910c56ef908bf886826a5a28989a3919b6e63b982e66ba226d3bf9d", [:make, :mix], [{:elixir_make, "~> 0.5", [hex: :elixir_make, repo: "hexpm", optional: false]}, {:scenic, "~> 0.10", [hex: :scenic, repo: "hexpm", optional: false]}], "hexpm"},
  "scenic_driver_nerves_rpi": {:hex, :scenic_driver_nerves_rpi, "0.10.0", "6aa51e6f026386b5f09a082e54a59f8fcdb7e838437f8d4bdb8fa26c9c77f228", [:make, :mix], [{:elixir_make, "~> 0.5", [hex: :elixir_make, repo: "hexpm", optional: false]}, {:scenic, "~> 0.10", [hex: :scenic, repo: "hexpm", optional: false]}], "hexpm"},
  "scenic_driver_nerves_touch": {:hex, :scenic_driver_nerves_touch, "0.10.0", "853c51ef9f7a86d40fed549e868e0bb66019969eb91d53d72b44bb95b0c8ef97", [:mix], [{:input_event, "~> 0.4", [hex: :input_event, repo: "hexpm", optional: false]}, {:scenic, "~> 0.10", [hex: :scenic, repo: "hexpm", optional: false]}], "hexpm"},
  "sched_ex": {:hex, :sched_ex, "1.1.1", "e2e8e136ae0a8c19d882031a528b4ea98c55fe88da74e948836bde22c90dcfc4", [:mix], [{:crontab, "~> 1.1.2", [hex: :crontab, repo: "hexpm", optional: false]}, {:timex, "~> 3.1", [hex: :timex, repo: "hexpm", optional: false]}], "hexpm"},
  "shoehorn": {:hex, :shoehorn, "0.6.0", "f9a1b7d6212cf18ba91c4f71c26076059df33cea4db2eb3c098bfa6673349412", [:mix], [{:distillery, "~> 2.1", [hex: :distillery, repo: "hexpm", optional: true]}], "hexpm"},
  "slack": {:git, "https://github.com/BlakeWilliams/Elixir-Slack.git", "4812cf8c77ceed74ef5fb93ffcc14efe0339464f", [ref: "4812cf8"]},
  "socket": {:hex, :socket, "0.3.13", "98a2ab20ce17f95fb512c5cadddba32b57273e0d2dba2d2e5f976c5969d0c632", [:mix], [], "hexpm"},
  "ssl_verify_fun": {:hex, :ssl_verify_fun, "1.1.4", "f0eafff810d2041e93f915ef59899c923f4568f4585904d010387ed74988e77b", [:make, :mix, :rebar3], [], "hexpm"},
  "system_registry": {:hex, :system_registry, "0.8.2", "df791dc276652fcfb53be4dab823e05f8269b96ac57c26f86a67838dbc0eefe7", [:mix], [], "hexpm"},
  "timer": {:git, "https://github.com/axelson/pomodoro.git", "30fff94aeeb7b856b29458c8372cd45a70c4f9f3", []},
  "timex": {:hex, :timex, "3.6.1", "efdf56d0e67a6b956cc57774353b0329c8ab7726766a11547e529357ffdc1d56", [:mix], [{:combine, "~> 0.10", [hex: :combine, repo: "hexpm", optional: false]}, {:gettext, "~> 0.10", [hex: :gettext, repo: "hexpm", optional: false]}, {:tzdata, "~> 0.1.8 or ~> 0.5 or ~> 1.0.0", [hex: :tzdata, repo: "hexpm", optional: false]}], "hexpm"},
  "toolshed": {:hex, :toolshed, "0.2.10", "31e33f3bfbd88085a5f34844930a75e579940417873eb8a5c25b9525ad1a1372", [:mix], [{:nerves_runtime, "~> 0.8", [hex: :nerves_runtime, repo: "hexpm", optional: true]}], "hexpm"},
  "tzdata": {:hex, :tzdata, "1.0.1", "f6027a331af7d837471248e62733c6ebee86a72e57c613aa071ebb1f750fc71a", [:mix], [{:hackney, "~> 1.0", [hex: :hackney, repo: "hexpm", optional: false]}], "hexpm"},
  "uboot_env": {:hex, :uboot_env, "0.1.1", "b01e3ec0973e99473234f27839e29e63b5b81eba6a136a18a78d049d4813d6c5", [:mix], [], "hexpm"},
  "unicode_util_compat": {:hex, :unicode_util_compat, "0.4.1", "d869e4c68901dd9531385bb0c8c40444ebf624e60b6962d95952775cac5e90cd", [:rebar3], [], "hexpm"},
  "websocket_client": {:hex, :websocket_client, "1.2.4", "14ec1ca4b6d247b44ccd9a80af8f6ca98328070f6c1d52a5cb00bc9d939d63b8", [:rebar3], [], "hexpm"},
}
